
Microsoft Visual Studio Solution File, Format Version 12.00
# Visual Studio Version 17
VisualStudioVersion = 17.0.32112.339
MinimumVisualStudioVersion = 10.0.40219.1
Project("{FAE04EC0-301F-11D3-BF4B-00C04F79EFBC}") = "GymBooking.Web", "GymBooking.Web\GymBooking.Web.csproj", "{ACA0CB7C-C545-4844-9D6C-5E36AF69ED27}"
EndProject
Global
	GlobalSection(SolutionConfigurationPlatforms) = preSolution
		Debug|Any CPU = Debug|Any CPU
		Release|Any CPU = Release|Any CPU
	EndGlobalSection
	GlobalSection(ProjectConfigurationPlatforms) = postSolution
		{ACA0CB7C-C545-4844-9D6C-5E36AF69ED27}.Debug|Any CPU.ActiveCfg = Debug|Any CPU
		{ACA0CB7C-C545-4844-9D6C-5E36AF69ED27}.Debug|Any CPU.Build.0 = Debug|Any CPU
		{ACA0CB7C-C545-4844-9D6C-5E36AF69ED27}.Release|Any CPU.ActiveCfg = Release|Any CPU
		{ACA0CB7C-C545-4844-9D6C-5E36AF69ED27}.Release|Any CPU.Build.0 = Release|Any CPU
	EndGlobalSection
	GlobalSection(SolutionProperties) = preSolution
		HideSolutionNode = FALSE
	EndGlobalSection
	GlobalSection(ExtensibilityGlobals) = postSolution
		SolutionGuid = {C80DFE00-70D6-4737-836E-473DFA6EC2EB}
	EndGlobalSection
EndGlobal
